PODS:
  - NMSSH (2.3.1)
  - ZIPFoundation (0.9.13)

DEPENDENCIES:
  - NMSSH
  - ZIPFoundation

SPEC REPOS:
  trunk:
    - NMSSH
    - ZIPFoundation

SPEC CHECKSUMS:
  NMSSH: cd689ae535a1581a6dd9fd4600ff71247df510a6
  ZIPFoundation: ae5b4b813d216d3bf0a148773267fff14bd51d37

PODFILE CHECKSUM: 5dc2d6e0548fc200f397e1bc791273eea55d5f1e

COCOAPODS: 1.11.3
