// !$*UTF8*$!
{
	archiveVersion = 1;
	classes = {
	};
	objectVersion = 55;
	objects = {

/* Begin PBXBuildFile section */
		3ABCDE35283C803100AB4DC4 /* AppDelegate.swift in Sources */ = {isa = PBXBuildFile; fileRef = 3ABCDE34283C803100AB4DC4 /* AppDelegate.swift */; };
		3ABCDE37283C803100AB4DC4 /* Assets.xcassets in Resources */ = {isa = PBXBuildFile; fileRef = 3ABCDE36283C803100AB4DC4 /* Assets.xcassets */; };
		3ABCDE3A283C803100AB4DC4 /* MainMenu.xib in Resources */ = {isa = PBXBuildFile; fileRef = 3ABCDE38283C803100AB4DC4 /* MainMenu.xib */; };
		3ABCDE45283C803200AB4DC4 /* DemoMacOSXIBTests.swift in Sources */ = {isa = PBXBuildFile; fileRef = 3ABCDE44283C803200AB4DC4 /* DemoMacOSXIBTests.swift */; };
		3ABCDE4F283C803200AB4DC4 /* DemoMacOSXIBUITests.swift in Sources */ = {isa = PBXBuildFile; fileRef = 3ABCDE4E283C803200AB4DC4 /* DemoMacOSXIBUITests.swift */; };
		3ABCDE51283C803200AB4DC4 /* DemoMacOSXIBUITestsLaunchTests.swift in Sources */ = {isa = PBXBuildFile; fileRef = 3ABCDE50283C803200AB4DC4 /* DemoMacOSXIBUITestsLaunchTests.swift */; };
		3ABCDE64283CBB4C00AB4DC4 /* HomeViewController.xib in Resources */ = {isa = PBXBuildFile; fileRef = 3ABCDE62283CBB4C00AB4DC4 /* HomeViewController.xib */; };
		3ABCDE65283CBB4C00AB4DC4 /* HomeViewController.swift in Sources */ = {isa = PBXBuildFile; fileRef = 3ABCDE63283CBB4C00AB4DC4 /* HomeViewController.swift */; };
		3ABCDE69283CBDFB00AB4DC4 /* LoginViewController.swift in Sources */ = {isa = PBXBuildFile; fileRef = 3ABCDE67283CBDFB00AB4DC4 /* LoginViewController.swift */; };
		3ABCDE6A283CBDFB00AB4DC4 /* LoginViewController.xib in Resources */ = {isa = PBXBuildFile; fileRef = 3ABCDE68283CBDFB00AB4DC4 /* LoginViewController.xib */; };
		3ADE0044283CC5EE000A091F /* HomeViewModel.swift in Sources */ = {isa = PBXBuildFile; fileRef = 3ADE0043283CC5EE000A091F /* HomeViewModel.swift */; };
/* End PBXBuildFile section */

/* Begin PBXContainerItemProxy section */
		3ABCDE41283C803200AB4DC4 /* PBXContainerItemProxy */ = {
			isa = PBXContainerItemProxy;
			containerPortal = 3ABCDE29283C803100AB4DC4 /* Project object */;
			proxyType = 1;
			remoteGlobalIDString = 3ABCDE30283C803100AB4DC4;
			remoteInfo = DemoMacOSXIB;
		};
		3ABCDE4B283C803200AB4DC4 /* PBXContainerItemProxy */ = {
			isa = PBXContainerItemProxy;
			containerPortal = 3ABCDE29283C803100AB4DC4 /* Project object */;
			proxyType = 1;
			remoteGlobalIDString = 3ABCDE30283C803100AB4DC4;
			remoteInfo = DemoMacOSXIB;
		};
/* End PBXContainerItemProxy section */

/* Begin PBXFileReference section */
		3ABCDE31283C803100AB4DC4 /* DemoMacOSXIB.app */ = {isa = PBXFileReference; explicitFileType = wrapper.application; includeInIndex = 0; path = DemoMacOSXIB.app; sourceTree = BUILT_PRODUCTS_DIR; };
		3ABCDE34283C803100AB4DC4 /* AppDelegate.swift */ = {isa = PBXFileReference; lastKnownFileType = sourcecode.swift; path = AppDelegate.swift; sourceTree = "<group>"; };
		3ABCDE36283C803100AB4DC4 /* Assets.xcassets */ = {isa = PBXFileReference; lastKnownFileType = folder.assetcatalog; path = Assets.xcassets; sourceTree = "<group>"; };
		3ABCDE39283C803100AB4DC4 /* Base */ = {isa = PBXFileReference; lastKnownFileType = file.xib; name = Base; path = Base.lproj/MainMenu.xib; sourceTree = "<group>"; };
		3ABCDE3B283C803100AB4DC4 /* DemoMacOSXIB.entitlements */ = {isa = PBXFileReference; lastKnownFileType = text.plist.entitlements; path = DemoMacOSXIB.entitlements; sourceTree = "<group>"; };
		3ABCDE40283C803200AB4DC4 /* DemoMacOSXIBTests.xctest */ = {isa = PBXFileReference; explicitFileType = wrapper.cfbundle; includeInIndex = 0; path = DemoMacOSXIBTests.xctest; sourceTree = BUILT_PRODUCTS_DIR; };
		3ABCDE44283C803200AB4DC4 /* DemoMacOSXIBTests.swift */ = {isa = PBXFileReference; lastKnownFileType = sourcecode.swift; path = DemoMacOSXIBTests.swift; sourceTree = "<group>"; };
		3ABCDE4A283C803200AB4DC4 /* DemoMacOSXIBUITests.xctest */ = {isa = PBXFileReference; explicitFileType = wrapper.cfbundle; includeInIndex = 0; path = DemoMacOSXIBUITests.xctest; sourceTree = BUILT_PRODUCTS_DIR; };
		3ABCDE4E283C803200AB4DC4 /* DemoMacOSXIBUITests.swift */ = {isa = PBXFileReference; lastKnownFileType = sourcecode.swift; path = DemoMacOSXIBUITests.swift; sourceTree = "<group>"; };
		3ABCDE50283C803200AB4DC4 /* DemoMacOSXIBUITestsLaunchTests.swift */ = {isa = PBXFileReference; lastKnownFileType = sourcecode.swift; path = DemoMacOSXIBUITestsLaunchTests.swift; sourceTree = "<group>"; };
		3ABCDE62283CBB4C00AB4DC4 /* HomeViewController.xib */ = {isa = PBXFileReference; fileEncoding = 4; lastKnownFileType = file.xib; path = HomeViewController.xib; sourceTree = "<group>"; };
		3ABCDE63283CBB4C00AB4DC4 /* HomeViewController.swift */ = {isa = PBXFileReference; fileEncoding = 4; lastKnownFileType = sourcecode.swift; path = HomeViewController.swift; sourceTree = "<group>"; };
		3ABCDE67283CBDFB00AB4DC4 /* LoginViewController.swift */ = {isa = PBXFileReference; lastKnownFileType = sourcecode.swift; path = LoginViewController.swift; sourceTree = "<group>"; };
		3ABCDE68283CBDFB00AB4DC4 /* LoginViewController.xib */ = {isa = PBXFileReference; lastKnownFileType = file.xib; path = LoginViewController.xib; sourceTree = "<group>"; };
		3ADE0043283CC5EE000A091F /* HomeViewModel.swift */ = {isa = PBXFileReference; lastKnownFileType = sourcecode.swift; path = HomeViewModel.swift; sourceTree = "<group>"; };
/* End PBXFileReference section */

/* Begin PBXFrameworksBuildPhase section */
		3ABCDE2E283C803100AB4DC4 /* Frameworks */ = {
			isa = PBXFrameworksBuildPhase;
			buildActionMask = 2147483647;
			files = (
			);
			runOnlyForDeploymentPostprocessing = 0;
		};
		3ABCDE3D283C803200AB4DC4 /* Frameworks */ = {
			isa = PBXFrameworksBuildPhase;
			buildActionMask = 2147483647;
			files = (
			);
			runOnlyForDeploymentPostprocessing = 0;
		};
		3ABCDE47283C803200AB4DC4 /* Frameworks */ = {
			isa = PBXFrameworksBuildPhase;
			buildActionMask = 2147483647;
			files = (
			);
			runOnlyForDeploymentPostprocessing = 0;
		};
/* End PBXFrameworksBuildPhase section */

/* Begin PBXGroup section */
		3AA94C2F283DD23700F6B3A3 /* Cell */ = {
			isa = PBXGroup;
			children = (
			);
			path = Cell;
			sourceTree = "<group>";
		};
		3ABCDE28283C803100AB4DC4 = {
			isa = PBXGroup;
			children = (
				3ABCDE33283C803100AB4DC4 /* DemoMacOSXIB */,
				3ABCDE43283C803200AB4DC4 /* DemoMacOSXIBTests */,
				3ABCDE4D283C803200AB4DC4 /* DemoMacOSXIBUITests */,
				3ABCDE32283C803100AB4DC4 /* Products */,
			);
			sourceTree = "<group>";
		};
		3ABCDE32283C803100AB4DC4 /* Products */ = {
			isa = PBXGroup;
			children = (
				3ABCDE31283C803100AB4DC4 /* DemoMacOSXIB.app */,
				3ABCDE40283C803200AB4DC4 /* DemoMacOSXIBTests.xctest */,
				3ABCDE4A283C803200AB4DC4 /* DemoMacOSXIBUITests.xctest */,
			);
			name = Products;
			sourceTree = "<group>";
		};
		3ABCDE33283C803100AB4DC4 /* DemoMacOSXIB */ = {
			isa = PBXGroup;
			children = (
				3ABCDE34283C803100AB4DC4 /* AppDelegate.swift */,
				3ABCDE66283CBDEB00AB4DC4 /* Login */,
				3ABCDE61283CBB4C00AB4DC4 /* Home */,
				3ABCDE36283C803100AB4DC4 /* Assets.xcassets */,
				3ABCDE38283C803100AB4DC4 /* MainMenu.xib */,
				3ABCDE3B283C803100AB4DC4 /* DemoMacOSXIB.entitlements */,
			);
			path = DemoMacOSXIB;
			sourceTree = "<group>";
		};
		3ABCDE43283C803200AB4DC4 /* DemoMacOSXIBTests */ = {
			isa = PBXGroup;
			children = (
				3ABCDE44283C803200AB4DC4 /* DemoMacOSXIBTests.swift */,
			);
			path = DemoMacOSXIBTests;
			sourceTree = "<group>";
		};
		3ABCDE4D283C803200AB4DC4 /* DemoMacOSXIBUITests */ = {
			isa = PBXGroup;
			children = (
				3ABCDE4E283C803200AB4DC4 /* DemoMacOSXIBUITests.swift */,
				3ABCDE50283C803200AB4DC4 /* DemoMacOSXIBUITestsLaunchTests.swift */,
			);
			path = DemoMacOSXIBUITests;
			sourceTree = "<group>";
		};
		3ABCDE61283CBB4C00AB4DC4 /* Home */ = {
			isa = PBXGroup;
			children = (
				3AA94C2F283DD23700F6B3A3 /* Cell */,
				3ABCDE63283CBB4C00AB4DC4 /* HomeViewController.swift */,
				3ABCDE62283CBB4C00AB4DC4 /* HomeViewController.xib */,
				3ADE0043283CC5EE000A091F /* HomeViewModel.swift */,
			);
			path = Home;
			sourceTree = "<group>";
		};
		3ABCDE66283CBDEB00AB4DC4 /* Login */ = {
			isa = PBXGroup;
			children = (
				3ABCDE67283CBDFB00AB4DC4 /* LoginViewController.swift */,
				3ABCDE68283CBDFB00AB4DC4 /* LoginViewController.xib */,
			);
			path = Login;
			sourceTree = "<group>";
		};
/* End PBXGroup section */

/* Begin PBXNativeTarget section */
		3ABCDE30283C803100AB4DC4 /* DemoMacOSXIB */ = {
			isa = PBXNativeTarget;
			buildConfigurationList = 3ABCDE54283C803200AB4DC4 /* Build configuration list for PBXNativeTarget "DemoMacOSXIB" */;
			buildPhases = (
				3ABCDE2D283C803100AB4DC4 /* Sources */,
				3ABCDE2E283C803100AB4DC4 /* Frameworks */,
				3ABCDE2F283C803100AB4DC4 /* Resources */,
			);
			buildRules = (
			);
			dependencies = (
			);
			name = DemoMacOSXIB;
			productName = DemoMacOSXIB;
			productReference = 3ABCDE31283C803100AB4DC4 /* DemoMacOSXIB.app */;
			productType = "com.apple.product-type.application";
		};
		3ABCDE3F283C803200AB4DC4 /* DemoMacOSXIBTests */ = {
			isa = PBXNativeTarget;
			buildConfigurationList = 3ABCDE57283C803200AB4DC4 /* Build configuration list for PBXNativeTarget "DemoMacOSXIBTests" */;
			buildPhases = (
				3ABCDE3C283C803200AB4DC4 /* Sources */,
				3ABCDE3D283C803200AB4DC4 /* Frameworks */,
				3ABCDE3E283C803200AB4DC4 /* Resources */,
			);
			buildRules = (
			);
			dependencies = (
				3ABCDE42283C803200AB4DC4 /* PBXTargetDependency */,
			);
			name = DemoMacOSXIBTests;
			productName = DemoMacOSXIBTests;
			productReference = 3ABCDE40283C803200AB4DC4 /* DemoMacOSXIBTests.xctest */;
			productType = "com.apple.product-type.bundle.unit-test";
		};
		3ABCDE49283C803200AB4DC4 /* DemoMacOSXIBUITests */ = {
			isa = PBXNativeTarget;
			buildConfigurationList = 3ABCDE5A283C803200AB4DC4 /* Build configuration list for PBXNativeTarget "DemoMacOSXIBUITests" */;
			buildPhases = (
				3ABCDE46283C803200AB4DC4 /* Sources */,
				3ABCDE47283C803200AB4DC4 /* Frameworks */,
				3ABCDE48283C803200AB4DC4 /* Resources */,
			);
			buildRules = (
			);
			dependencies = (
				3ABCDE4C283C803200AB4DC4 /* PBXTargetDependency */,
			);
			name = DemoMacOSXIBUITests;
			productName = DemoMacOSXIBUITests;
			productReference = 3ABCDE4A283C803200AB4DC4 /* DemoMacOSXIBUITests.xctest */;
			productType = "com.apple.product-type.bundle.ui-testing";
		};
/* End PBXNativeTarget section */

/* Begin PBXProject section */
		3ABCDE29283C803100AB4DC4 /* Project object */ = {
			isa = PBXProject;
			attributes = {
				BuildIndependentTargetsInParallel = 1;
				LastSwiftUpdateCheck = 1330;
				LastUpgradeCheck = 1330;
				TargetAttributes = {
					3ABCDE30283C803100AB4DC4 = {
						CreatedOnToolsVersion = 13.3.1;
					};
					3ABCDE3F283C803200AB4DC4 = {
						CreatedOnToolsVersion = 13.3.1;
						TestTargetID = 3ABCDE30283C803100AB4DC4;
					};
					3ABCDE49283C803200AB4DC4 = {
						CreatedOnToolsVersion = 13.3.1;
						TestTargetID = 3ABCDE30283C803100AB4DC4;
					};
				};
			};
			buildConfigurationList = 3ABCDE2C283C803100AB4DC4 /* Build configuration list for PBXProject "DemoMacOSXIB" */;
			compatibilityVersion = "Xcode 13.0";
			developmentRegion = en;
			hasScannedForEncodings = 0;
			knownRegions = (
				en,
				Base,
			);
			mainGroup = 3ABCDE28283C803100AB4DC4;
			productRefGroup = 3ABCDE32283C803100AB4DC4 /* Products */;
			projectDirPath = "";
			projectRoot = "";
			targets = (
				3ABCDE30283C803100AB4DC4 /* DemoMacOSXIB */,
				3ABCDE3F283C803200AB4DC4 /* DemoMacOSXIBTests */,
				3ABCDE49283C803200AB4DC4 /* DemoMacOSXIBUITests */,
			);
		};
/* End PBXProject section */

/* Begin PBXResourcesBuildPhase section */
		3ABCDE2F283C803100AB4DC4 /* Resources */ = {
			isa = PBXResourcesBuildPhase;
			buildActionMask = 2147483647;
			files = (
				3ABCDE6A283CBDFB00AB4DC4 /* LoginViewController.xib in Resources */,
				3ABCDE37283C803100AB4DC4 /* Assets.xcassets in Resources */,
				3ABCDE3A283C803100AB4DC4 /* MainMenu.xib in Resources */,
				3ABCDE64283CBB4C00AB4DC4 /* HomeViewController.xib in Resources */,
			);
			runOnlyForDeploymentPostprocessing = 0;
		};
		3ABCDE3E283C803200AB4DC4 /* Resources */ = {
			isa = PBXResourcesBuildPhase;
			buildActionMask = 2147483647;
			files = (
			);
			runOnlyForDeploymentPostprocessing = 0;
		};
		3ABCDE48283C803200AB4DC4 /* Resources */ = {
			isa = PBXResourcesBuildPhase;
			buildActionMask = 2147483647;
			files = (
			);
			runOnlyForDeploymentPostprocessing = 0;
		};
/* End PBXResourcesBuildPhase section */

/* Begin PBXSourcesBuildPhase section */
		3ABCDE2D283C803100AB4DC4 /* Sources */ = {
			isa = PBXSourcesBuildPhase;
			buildActionMask = 2147483647;
			files = (
				3ABCDE69283CBDFB00AB4DC4 /* LoginViewController.swift in Sources */,
				3ABCDE35283C803100AB4DC4 /* AppDelegate.swift in Sources */,
				3ABCDE65283CBB4C00AB4DC4 /* HomeViewController.swift in Sources */,
				3ADE0044283CC5EE000A091F /* HomeViewModel.swift in Sources */,
			);
			runOnlyForDeploymentPostprocessing = 0;
		};
		3ABCDE3C283C803200AB4DC4 /* Sources */ = {
			isa = PBXSourcesBuildPhase;
			buildActionMask = 2147483647;
			files = (
				3ABCDE45283C803200AB4DC4 /* DemoMacOSXIBTests.swift in Sources */,
			);
			runOnlyForDeploymentPostprocessing = 0;
		};
		3ABCDE46283C803200AB4DC4 /* Sources */ = {
			isa = PBXSourcesBuildPhase;
			buildActionMask = 2147483647;
			files = (
				3ABCDE4F283C803200AB4DC4 /* DemoMacOSXIBUITests.swift in Sources */,
				3ABCDE51283C803200AB4DC4 /* DemoMacOSXIBUITestsLaunchTests.swift in Sources */,
			);
			runOnlyForDeploymentPostprocessing = 0;
		};
/* End PBXSourcesBuildPhase section */

/* Begin PBXTargetDependency section */
		3ABCDE42283C803200AB4DC4 /* PBXTargetDependency */ = {
			isa = PBXTargetDependency;
			target = 3ABCDE30283C803100AB4DC4 /* DemoMacOSXIB */;
			targetProxy = 3ABCDE41283C803200AB4DC4 /* PBXContainerItemProxy */;
		};
		3ABCDE4C283C803200AB4DC4 /* PBXTargetDependency */ = {
			isa = PBXTargetDependency;
			target = 3ABCDE30283C803100AB4DC4 /* DemoMacOSXIB */;
			targetProxy = 3ABCDE4B283C803200AB4DC4 /* PBXContainerItemProxy */;
		};
/* End PBXTargetDependency section */

/* Begin PBXVariantGroup section */
		3ABCDE38283C803100AB4DC4 /* MainMenu.xib */ = {
			isa = PBXVariantGroup;
			children = (
				3ABCDE39283C803100AB4DC4 /* Base */,
			);
			name = MainMenu.xib;
			sourceTree = "<group>";
		};
/* End PBXVariantGroup section */

/* Begin XCBuildConfiguration section */
		3ABCDE52283C803200AB4DC4 /* Debug */ = {
			isa = XCBuildConfiguration;
			buildSettings = {
				ALWAYS_SEARCH_USER_PATHS = NO;
				CLANG_ANALYZER_NONNULL = YES;
				CLANG_ANALYZER_NUMBER_OBJECT_CONVERSION = YES_AGGRESSIVE;
				CLANG_CXX_LANGUAGE_STANDARD = "gnu++17";
				CLANG_ENABLE_MODULES = YES;
				CLANG_ENABLE_OBJC_ARC = YES;
				CLANG_ENABLE_OBJC_WEAK = YES;
				CLANG_WARN_BLOCK_CAPTURE_AUTORELEASING = YES;
				CLANG_WARN_BOOL_CONVERSION = YES;
				CLANG_WARN_COMMA = YES;
				CLANG_WARN_CONSTANT_CONVERSION = YES;
				CLANG_WARN_DEPRECATED_OBJC_IMPLEMENTATIONS = YES;
				CLANG_WARN_DIRECT_OBJC_ISA_USAGE = YES_ERROR;
				CLANG_WARN_DOCUMENTATION_COMMENTS = YES;
				CLANG_WARN_EMPTY_BODY = YES;
				CLANG_WARN_ENUM_CONVERSION = YES;
				CLANG_WARN_INFINITE_RECURSION = YES;
				CLANG_WARN_INT_CONVERSION = YES;
				CLANG_WARN_NON_LITERAL_NULL_CONVERSION = YES;
				CLANG_WARN_OBJC_IMPLICIT_RETAIN_SELF = YES;
				CLANG_WARN_OBJC_LITERAL_CONVERSION = YES;
				CLANG_WARN_OBJC_ROOT_CLASS = YES_ERROR;
				CLANG_WARN_QUOTED_INCLUDE_IN_FRAMEWORK_HEADER = YES;
				CLANG_WARN_RANGE_LOOP_ANALYSIS = YES;
				CLANG_WARN_STRICT_PROTOTYPES = YES;
				CLANG_WARN_SUSPICIOUS_MOVE = YES;
				CLANG_WARN_UNGUARDED_AVAILABILITY = YES_AGGRESSIVE;
				CLANG_WARN_UNREACHABLE_CODE = YES;
				CLANG_WARN__DUPLICATE_METHOD_MATCH = YES;
				COPY_PHASE_STRIP = NO;
				DEBUG_INFORMATION_FORMAT = dwarf;
				ENABLE_STRICT_OBJC_MSGSEND = YES;
				ENABLE_TESTABILITY = YES;
				GCC_C_LANGUAGE_STANDARD = gnu11;
				GCC_DYNAMIC_NO_PIC = NO;
				GCC_NO_COMMON_BLOCKS = YES;
				GCC_OPTIMIZATION_LEVEL = 0;
				GCC_PREPROCESSOR_DEFINITIONS = (
					"DEBUG=1",
					"$(inherited)",
				);
				GCC_WARN_64_TO_32_BIT_CONVERSION = YES;
				GCC_WARN_ABOUT_RETURN_TYPE = YES_ERROR;
				GCC_WARN_UNDECLARED_SELECTOR = YES;
				GCC_WARN_UNINITIALIZED_AUTOS = YES_AGGRESSIVE;
				GCC_WARN_UNUSED_FUNCTION = YES;
				GCC_WARN_UNUSED_VARIABLE = YES;
				MACOSX_DEPLOYMENT_TARGET = 12.3;
				MTL_ENABLE_DEBUG_INFO = INCLUDE_SOURCE;
				MTL_FAST_MATH = YES;
				ONLY_ACTIVE_ARCH = YES;
				SDKROOT = macosx;
				SWIFT_ACTIVE_COMPILATION_CONDITIONS = DEBUG;
				SWIFT_OPTIMIZATION_LEVEL = "-Onone";
			};
			name = Debug;
		};
		3ABCDE53283C803200AB4DC4 /* Release */ = {
			isa = XCBuildConfiguration;
			buildSettings = {
				ALWAYS_SEARCH_USER_PATHS = NO;
				CLANG_ANALYZER_NONNULL = YES;
				CLANG_ANALYZER_NUMBER_OBJECT_CONVERSION = YES_AGGRESSIVE;
				CLANG_CXX_LANGUAGE_STANDARD = "gnu++17";
				CLANG_ENABLE_MODULES = YES;
				CLANG_ENABLE_OBJC_ARC = YES;
				CLANG_ENABLE_OBJC_WEAK = YES;
				CLANG_WARN_BLOCK_CAPTURE_AUTORELEASING = YES;
				CLANG_WARN_BOOL_CONVERSION = YES;
				CLANG_WARN_COMMA = YES;
				CLANG_WARN_CONSTANT_CONVERSION = YES;
				CLANG_WARN_DEPRECATED_OBJC_IMPLEMENTATIONS = YES;
				CLANG_WARN_DIRECT_OBJC_ISA_USAGE = YES_ERROR;
				CLANG_WARN_DOCUMENTATION_COMMENTS = YES;
				CLANG_WARN_EMPTY_BODY = YES;
				CLANG_WARN_ENUM_CONVERSION = YES;
				CLANG_WARN_INFINITE_RECURSION = YES;
				CLANG_WARN_INT_CONVERSION = YES;
				CLANG_WARN_NON_LITERAL_NULL_CONVERSION = YES;
				CLANG_WARN_OBJC_IMPLICIT_RETAIN_SELF = YES;
				CLANG_WARN_OBJC_LITERAL_CONVERSION = YES;
				CLANG_WARN_OBJC_ROOT_CLASS = YES_ERROR;
				CLANG_WARN_QUOTED_INCLUDE_IN_FRAMEWORK_HEADER = YES;
				CLANG_WARN_RANGE_LOOP_ANALYSIS = YES;
				CLANG_WARN_STRICT_PROTOTYPES = YES;
				CLANG_WARN_SUSPICIOUS_MOVE = YES;
				CLANG_WARN_UNGUARDED_AVAILABILITY = YES_AGGRESSIVE;
				CLANG_WARN_UNREACHABLE_CODE = YES;
				CLANG_WARN__DUPLICATE_METHOD_MATCH = YES;
				COPY_PHASE_STRIP = NO;
				DEBUG_INFORMATION_FORMAT = "dwarf-with-dsym";
				ENABLE_NS_ASSERTIONS = NO;
				ENABLE_STRICT_OBJC_MSGSEND = YES;
				GCC_C_LANGUAGE_STANDARD = gnu11;
				GCC_NO_COMMON_BLOCKS = YES;
				GCC_WARN_64_TO_32_BIT_CONVERSION = YES;
				GCC_WARN_ABOUT_RETURN_TYPE = YES_ERROR;
				GCC_WARN_UNDECLARED_SELECTOR = YES;
				GCC_WARN_UNINITIALIZED_AUTOS = YES_AGGRESSIVE;
				GCC_WARN_UNUSED_FUNCTION = YES;
				GCC_WARN_UNUSED_VARIABLE = YES;
				MACOSX_DEPLOYMENT_TARGET = 12.3;
				MTL_ENABLE_DEBUG_INFO = NO;
				MTL_FAST_MATH = YES;
				SDKROOT = macosx;
				SWIFT_COMPILATION_MODE = wholemodule;
				SWIFT_OPTIMIZATION_LEVEL = "-O";
			};
			name = Release;
		};
		3ABCDE55283C803200AB4DC4 /* Debug */ = {
			isa = XCBuildConfiguration;
			buildSettings = {
				ASSETCATALOG_COMPILER_APPICON_NAME = AppIcon;
				ASSETCATALOG_COMPILER_GLOBAL_ACCENT_COLOR_NAME = AccentColor;
				CODE_SIGN_ENTITLEMENTS = DemoMacOSXIB/DemoMacOSXIB.entitlements;
				CODE_SIGN_STYLE = Automatic;
				COMBINE_HIDPI_IMAGES = YES;
				CURRENT_PROJECT_VERSION = 1;
				GENERATE_INFOPLIST_FILE = YES;
				INFOPLIST_KEY_NSHumanReadableCopyright = "";
				INFOPLIST_KEY_NSMainNibFile = MainMenu;
				INFOPLIST_KEY_NSPrincipalClass = NSApplication;
				LD_RUNPATH_SEARCH_PATHS = (
					"$(inherited)",
					"@executable_path/../Frameworks",
				);
				MARKETING_VERSION = 1.0;
				PRODUCT_BUNDLE_IDENTIFIER = com.bumios.DemoMacOSXIB;
				PRODUCT_NAME = "$(TARGET_NAME)";
				SWIFT_EMIT_LOC_STRINGS = YES;
				SWIFT_VERSION = 5.0;
			};
			name = Debug;
		};
		3ABCDE56283C803200AB4DC4 /* Release */ = {
			isa = XCBuildConfiguration;
			buildSettings = {
				ASSETCATALOG_COMPILER_APPICON_NAME = AppIcon;
				ASSETCATALOG_COMPILER_GLOBAL_ACCENT_COLOR_NAME = AccentColor;
				CODE_SIGN_ENTITLEMENTS = DemoMacOSXIB/DemoMacOSXIB.entitlements;
				CODE_SIGN_STYLE = Automatic;
				COMBINE_HIDPI_IMAGES = YES;
				CURRENT_PROJECT_VERSION = 1;
				GENERATE_INFOPLIST_FILE = YES;
				INFOPLIST_KEY_NSHumanReadableCopyright = "";
				INFOPLIST_KEY_NSMainNibFile = MainMenu;
				INFOPLIST_KEY_NSPrincipalClass = NSApplication;
				LD_RUNPATH_SEARCH_PATHS = (
					"$(inherited)",
					"@executable_path/../Frameworks",
				);
				MARKETING_VERSION = 1.0;
				PRODUCT_BUNDLE_IDENTIFIER = com.bumios.DemoMacOSXIB;
				PRODUCT_NAME = "$(TARGET_NAME)";
				SWIFT_EMIT_LOC_STRINGS = YES;
				SWIFT_VERSION = 5.0;
			};
			name = Release;
		};
		3ABCDE58283C803200AB4DC4 /* Debug */ = {
			isa = XCBuildConfiguration;
			buildSettings = {
				ALWAYS_EMBED_SWIFT_STANDARD_LIBRARIES = YES;
				BUNDLE_LOADER = "$(TEST_HOST)";
				CODE_SIGN_STYLE = Automatic;
				CURRENT_PROJECT_VERSION = 1;
				GENERATE_INFOPLIST_FILE = YES;
				MACOSX_DEPLOYMENT_TARGET = 12.3;
				MARKETING_VERSION = 1.0;
				PRODUCT_BUNDLE_IDENTIFIER = com.bumios.DemoMacOSXIBTests;
				PRODUCT_NAME = "$(TARGET_NAME)";
				SWIFT_EMIT_LOC_STRINGS = NO;
				SWIFT_VERSION = 5.0;
				TEST_HOST = "$(BUILT_PRODUCTS_DIR)/DemoMacOSXIB.app/Contents/MacOS/DemoMacOSXIB";
			};
			name = Debug;
		};
		3ABCDE59283C803200AB4DC4 /* Release */ = {
			isa = XCBuildConfiguration;
			buildSettings = {
				ALWAYS_EMBED_SWIFT_STANDARD_LIBRARIES = YES;
				BUNDLE_LOADER = "$(TEST_HOST)";
				CODE_SIGN_STYLE = Automatic;
				CURRENT_PROJECT_VERSION = 1;
				GENERATE_INFOPLIST_FILE = YES;
				MACOSX_DEPLOYMENT_TARGET = 12.3;
				MARKETING_VERSION = 1.0;
				PRODUCT_BUNDLE_IDENTIFIER = com.bumios.DemoMacOSXIBTests;
				PRODUCT_NAME = "$(TARGET_NAME)";
				SWIFT_EMIT_LOC_STRINGS = NO;
				SWIFT_VERSION = 5.0;
				TEST_HOST = "$(BUILT_PRODUCTS_DIR)/DemoMacOSXIB.app/Contents/MacOS/DemoMacOSXIB";
			};
			name = Release;
		};
		3ABCDE5B283C803200AB4DC4 /* Debug */ = {
			isa = XCBuildConfiguration;
			buildSettings = {
				ALWAYS_EMBED_SWIFT_STANDARD_LIBRARIES = YES;
				CODE_SIGN_STYLE = Automatic;
				CURRENT_PROJECT_VERSION = 1;
				GENERATE_INFOPLIST_FILE = YES;
				MARKETING_VERSION = 1.0;
				PRODUCT_BUNDLE_IDENTIFIER = com.bumios.DemoMacOSXIBUITests;
				PRODUCT_NAME = "$(TARGET_NAME)";
				SWIFT_EMIT_LOC_STRINGS = NO;
				SWIFT_VERSION = 5.0;
				TEST_TARGET_NAME = DemoMacOSXIB;
			};
			name = Debug;
		};
		3ABCDE5C283C803200AB4DC4 /* Release */ = {
			isa = XCBuildConfiguration;
			buildSettings = {
				ALWAYS_EMBED_SWIFT_STANDARD_LIBRARIES = YES;
				CODE_SIGN_STYLE = Automatic;
				CURRENT_PROJECT_VERSION = 1;
				GENERATE_INFOPLIST_FILE = YES;
				MARKETING_VERSION = 1.0;
				PRODUCT_BUNDLE_IDENTIFIER = com.bumios.DemoMacOSXIBUITests;
				PRODUCT_NAME = "$(TARGET_NAME)";
				SWIFT_EMIT_LOC_STRINGS = NO;
				SWIFT_VERSION = 5.0;
				TEST_TARGET_NAME = DemoMacOSXIB;
			};
			name = Release;
		};
/* End XCBuildConfiguration section */

/* Begin XCConfigurationList section */
		3ABCDE2C283C803100AB4DC4 /* Build configuration list for PBXProject "DemoMacOSXIB" */ = {
			isa = XCConfigurationList;
			buildConfigurations = (
				3ABCDE52283C803200AB4DC4 /* Debug */,
				3ABCDE53283C803200AB4DC4 /* Release */,
			);
			defaultConfigurationIsVisible = 0;
			defaultConfigurationName = Release;
		};
		3ABCDE54283C803200AB4DC4 /* Build configuration list for PBXNativeTarget "DemoMacOSXIB" */ = {
			isa = XCConfigurationList;
			buildConfigurations = (
				3ABCDE55283C803200AB4DC4 /* Debug */,
				3ABCDE56283C803200AB4DC4 /* Release */,
			);
			defaultConfigurationIsVisible = 0;
			defaultConfigurationName = Release;
		};
		3ABCDE57283C803200AB4DC4 /* Build configuration list for PBXNativeTarget "DemoMacOSXIBTests" */ = {
			isa = XCConfigurationList;
			buildConfigurations = (
				3ABCDE58283C803200AB4DC4 /* Debug */,
				3ABCDE59283C803200AB4DC4 /* Release */,
			);
			defaultConfigurationIsVisible = 0;
			defaultConfigurationName = Release;
		};
		3ABCDE5A283C803200AB4DC4 /* Build configuration list for PBXNativeTarget "DemoMacOSXIBUITests" */ = {
			isa = XCConfigurationList;
			buildConfigurations = (
				3ABCDE5B283C803200AB4DC4 /* Debug */,
				3ABCDE5C283C803200AB4DC4 /* Release */,
			);
			defaultConfigurationIsVisible = 0;
			defaultConfigurationName = Release;
		};
/* End XCConfigurationList section */
	};
	rootObject = 3ABCDE29283C803100AB4DC4 /* Project object */;
}
